// !$*UTF8*$!
{
	archiveVersion = 1;
	classes = {
	};
	objectVersion = 46;
	objects = {

/* Begin PBXBuildFile section */
		57C3562A86690E14C4FAD7FB /* Pods_Moments.framework in Frameworks */ = {isa = PBXBuildFile; fileRef = D43478AB0070C01E5B068AA7 /* Pods_Moments.framework */; };
		E0276FE51EBD1BB000D31767 /* MediaHeaderCell.swift in Sources */ = {isa = PBXBuildFile; fileRef = E0276FE41EBD1BB000D31767 /* MediaHeaderCell.swift */; };
		E0276FE71EBD20AC00D31767 /* MediaTableViewCell.swift in Sources */ = {isa = PBXBuildFile; fileRef = E0276FE61EBD20AC00D31767 /* MediaTableViewCell.swift */; };
		E0276FE91EBD260D00D31767 /* CommentTableViewCell.swift in Sources */ = {isa = PBXBuildFile; fileRef = E0276FE81EBD260D00D31767 /* CommentTableViewCell.swift */; };
		E0276FEB1EBD38D800D31767 /* Comment.swift in Sources */ = {isa = PBXBuildFile; fileRef = E0276FEA1EBD38D800D31767 /* Comment.swift */; };
		E02975EF1EC4D66C00AF3334 /* MediaDetailTableViewController.swift in Sources */ = {isa = PBXBuildFile; fileRef = E02975EE1EC4D66C00AF3334 /* MediaDetailTableViewController.swift */; };
		E02975F11EC4E67D00AF3334 /* CommentComposerViewController.swift in Sources */ = {isa = PBXBuildFile; fileRef = E02975F01EC4E67D00AF3334 /* CommentComposerViewController.swift */; };
		E03640A41ECE100E00552DDA /* ContactsPickerTableViewController.swift in Sources */ = {isa = PBXBuildFile; fileRef = E03640A31ECE100E00552DDA /* ContactsPickerTableViewController.swift */; };
		E03640A61ECE203700552DDA /* ChatViewController.swift in Sources */ = {isa = PBXBuildFile; fileRef = E03640A51ECE203700552DDA /* ChatViewController.swift */; };
		E03640A81ECE2A6100552DDA /* InboxTableViewController.swift in Sources */ = {isa = PBXBuildFile; fileRef = E03640A71ECE2A6100552DDA /* InboxTableViewController.swift */; };
		E03640AC1ECE345300552DDA /* RoundedImageView.swift in Sources */ = {isa = PBXBuildFile; fileRef = E03640AB1ECE345300552DDA /* RoundedImageView.swift */; };
		E041DCBD1EBC4F5E006F45AA /* FirebaseReference.swift in Sources */ = {isa = PBXBuildFile; fileRef = E041DCBC1EBC4F5E006F45AA /* FirebaseReference.swift */; };
		E041DCC01EBC539C006F45AA /* User.swift in Sources */ = {isa = PBXBuildFile; fileRef = E041DCBF1EBC539C006F45AA /* User.swift */; };
		E041DCC21EBC58B2006F45AA /* FIRimage.swift in Sources */ = {isa = PBXBuildFile; fileRef = E041DCC11EBC58B2006F45AA /* FIRimage.swift */; };
		E041DCC41EBC65BA006F45AA /* NewsFeedTableViewController.swift in Sources */ = {isa = PBXBuildFile; fileRef = E041DCC31EBC65BA006F45AA /* NewsFeedTableViewController.swift */; };
		E041DCC61EBC6600006F45AA /* SignupTableViewController.swift in Sources */ = {isa = PBXBuildFile; fileRef = E041DCC51EBC6600006F45AA /* SignupTableViewController.swift */; };
		E041DCC81EBC663E006F45AA /* WelcomeViewController.swift in Sources */ = {isa = PBXBuildFile; fileRef = E041DCC71EBC663E006F45AA /* WelcomeViewController.swift */; };
		E041DCCA1EBC6B4A006F45AA /* imagePickerHelper.swift in Sources */ = {isa = PBXBuildFile; fileRef = E041DCC91EBC6B4A006F45AA /* imagePickerHelper.swift */; };
		E076235C1ECB66800023EE54 /* Chat.swift in Sources */ = {isa = PBXBuildFile; fileRef = E076235B1ECB66800023EE54 /* Chat.swift */; };
		E076235E1ECB78780023EE54 /* Message.swift in Sources */ = {isa = PBXBuildFile; fileRef = E076235D1ECB78780023EE54 /* Message.swift */; };
		E07623601ECB80280023EE54 /* ChatTableViewCell.swift in Sources */ = {isa = PBXBuildFile; fileRef = E076235F1ECB80280023EE54 /* ChatTableViewCell.swift */; };
		E07623621ECB9A090023EE54 /* ContactTableViewCell.swift in Sources */ = {isa = PBXBuildFile; fileRef = E07623611ECB9A090023EE54 /* ContactTableViewCell.swift */; };
		E07731201EBC3F39008BC946 /* Podfile in Resources */ = {isa = PBXBuildFile; fileRef = E077311F1EBC3F39008BC946 /* Podfile */; };
		E09BCAA71EBB9C4C00DA7226 /* AppDelegate.swift in Sources */ = {isa = PBXBuildFile; fileRef = E09BCAA61EBB9C4C00DA7226 /* AppDelegate.swift */; };
		E09BCAAC1EBB9C4C00DA7226 /* Main.storyboard in Resources */ = {isa = PBXBuildFile; fileRef = E09BCAAA1EBB9C4C00DA7226 /* Main.storyboard */; };
		E09BCAAE1EBB9C4C00DA7226 /* Assets.xcassets in Resources */ = {isa = PBXBuildFile; fileRef = E09BCAAD1EBB9C4C00DA7226 /* Assets.xcassets */; };
		E09BCAB11EBB9C4C00DA7226 /* LaunchScreen.storyboard in Resources */ = {isa = PBXBuildFile; fileRef = E09BCAAF1EBB9C4C00DA7226 /* LaunchScreen.storyboard */; };
		E0A5829E1EBCE219003AA00B /* LoginViewController.swift in Sources */ = {isa = PBXBuildFile; fileRef = E0A5829D1EBCE219003AA00B /* LoginViewController.swift */; };
		E0A582A11EBCE721003AA00B /* ProfileViewController.swift in Sources */ = {isa = PBXBuildFile; fileRef = E0A582A01EBCE721003AA00B /* ProfileViewController.swift */; };
		E0A582A31EBCF2EE003AA00B /* Media.swift in Sources */ = {isa = PBXBuildFile; fileRef = E0A582A21EBCF2EE003AA00B /* Media.swift */; };
		E0A582A61EBCFC12003AA00B /* DummyPostComposerViewController.swift in Sources */ = {isa = PBXBuildFile; fileRef = E0A582A51EBCFC12003AA00B /* DummyPostComposerViewController.swift */; };
		E0A582AA1EBCFC82003AA00B /* PostComposerViewController.swift in Sources */ = {isa = PBXBuildFile; fileRef = E0A582A91EBCFC82003AA00B /* PostComposerViewController.swift */; };
		E0D3B5AF1EBC414600D3E2EA /* GoogleService-Info.plist in Resources */ = {isa = PBXBuildFile; fileRef = E0D3B5AE1EBC414600D3E2EA /* GoogleService-Info.plist */; };
/* End PBXBuildFile section */

/* Begin PBXFileReference section */
		19B3434E39E9BBD59C1EE660 /* Pods-Moments.debug.xcconfig */ = {isa = PBXFileReference; includeInIndex = 1; lastKnownFileType = text.xcconfig; name = "Pods-Moments.debug.xcconfig"; path = "Pods/Target Support Files/Pods-Moments/Pods-Moments.debug.xcconfig"; sourceTree = "<group>"; };
		D43478AB0070C01E5B068AA7 /* Pods_Moments.framework */ = {isa = PBXFileReference; explicitFileType = wrapper.framework; includeInIndex = 0; path = Pods_Moments.framework; sourceTree = BUILT_PRODUCTS_DIR; };
		E0276FE41EBD1BB000D31767 /* MediaHeaderCell.swift */ = {isa = PBXFileReference; fileEncoding = 4; lastKnownFileType = sourcecode.swift; path = MediaHeaderCell.swift; sourceTree = "<group>"; };
		E0276FE61EBD20AC00D31767 /* MediaTableViewCell.swift */ = {isa = PBXFileReference; fileEncoding = 4; lastKnownFileType = sourcecode.swift; path = MediaTableViewCell.swift; sourceTree = "<group>"; };
		E0276FE81EBD260D00D31767 /* CommentTableViewCell.swift */ = {isa = PBXFileReference; fileEncoding = 4; lastKnownFileType = sourcecode.swift; path = CommentTableViewCell.swift; sourceTree = "<group>"; };
		E0276FEA1EBD38D800D31767 /* Comment.swift */ = {isa = PBXFileReference; fileEncoding = 4; lastKnownFileType = sourcecode.swift; path = Comment.swift; sourceTree = "<group>"; };
		E02975EE1EC4D66C00AF3334 /* MediaDetailTableViewController.swift */ = {isa = PBXFileReference; fileEncoding = 4; lastKnownFileType = sourcecode.swift; path = MediaDetailTableViewController.swift; sourceTree = "<group>"; };
		E02975F01EC4E67D00AF3334 /* CommentComposerViewController.swift */ = {isa = PBXFileReference; fileEncoding = 4; lastKnownFileType = sourcecode.swift; path = CommentComposerViewController.swift; sourceTree = "<group>"; };
		E03640A31ECE100E00552DDA /* ContactsPickerTableViewController.swift */ = {isa = PBXFileReference; fileEncoding = 4; lastKnownFileType = sourcecode.swift; path = ContactsPickerTableViewController.swift; sourceTree = "<group>"; };
		E03640A51ECE203700552DDA /* ChatViewController.swift */ = {isa = PBXFileReference; fileEncoding = 4; lastKnownFileType = sourcecode.swift; path = ChatViewController.swift; sourceTree = "<group>"; };
		E03640A71ECE2A6100552DDA /* InboxTableViewController.swift */ = {isa = PBXFileReference; fileEncoding = 4; lastKnownFileType = sourcecode.swift; path = InboxTableViewController.swift; sourceTree = "<group>"; };
		E03640AB1ECE345300552DDA /* RoundedImageView.swift */ = {isa = PBXFileReference; fileEncoding = 4; lastKnownFileType = sourcecode.swift; path = RoundedImageView.swift; sourceTree = "<group>"; };
		E041DCBC1EBC4F5E006F45AA /* FirebaseReference.swift */ = {isa = PBXFileReference; fileEncoding = 4; lastKnownFileType = sourcecode.swift; path = FirebaseReference.swift; sourceTree = "<group>"; };
		E041DCBF1EBC539C006F45AA /* User.swift */ = {isa = PBXFileReference; fileEncoding = 4; lastKnownFileType = sourcecode.swift; path = User.swift; sourceTree = "<group>"; };
		E041DCC11EBC58B2006F45AA /* FIRimage.swift */ = {isa = PBXFileReference; fileEncoding = 4; lastKnownFileType = sourcecode.swift; path = FIRimage.swift; sourceTree = "<group>"; };
		E041DCC31EBC65BA006F45AA /* NewsFeedTableViewController.swift */ = {isa = PBXFileReference; fileEncoding = 4; lastKnownFileType = sourcecode.swift; path = NewsFeedTableViewController.swift; sourceTree = "<group>"; };
		E041DCC51EBC6600006F45AA /* SignupTableViewController.swift */ = {isa = PBXFileReference; fileEncoding = 4; lastKnownFileType = sourcecode.swift; path = SignupTableViewController.swift; sourceTree = "<group>"; };
		E041DCC71EBC663E006F45AA /* WelcomeViewController.swift */ = {isa = PBXFileReference; fileEncoding = 4; lastKnownFileType = sourcecode.swift; path = WelcomeViewController.swift; sourceTree = "<group>"; };
		E041DCC91EBC6B4A006F45AA /* imagePickerHelper.swift */ = {isa = PBXFileReference; fileEncoding = 4; lastKnownFileType = sourcecode.swift; path = imagePickerHelper.swift; sourceTree = "<group>"; };
		E041DCCB1EBC7B3D006F45AA /* Moments.entitlements */ = {isa = PBXFileReference; lastKnownFileType = text.plist.entitlements; path = Moments.entitlements; sourceTree = "<group>"; };
		E076235B1ECB66800023EE54 /* Chat.swift */ = {isa = PBXFileReference; fileEncoding = 4; lastKnownFileType = sourcecode.swift; path = Chat.swift; sourceTree = "<group>"; };
		E076235D1ECB78780023EE54 /* Message.swift */ = {isa = PBXFileReference; fileEncoding = 4; lastKnownFileType = sourcecode.swift; path = Message.swift; sourceTree = "<group>"; };
		E076235F1ECB80280023EE54 /* ChatTableViewCell.swift */ = {isa = PBXFileReference; fileEncoding = 4; lastKnownFileType = sourcecode.swift; path = ChatTableViewCell.swift; sourceTree = "<group>"; };
		E07623611ECB9A090023EE54 /* ContactTableViewCell.swift */ = {isa = PBXFileReference; fileEncoding = 4; lastKnownFileType = sourcecode.swift; path = ContactTableViewCell.swift; sourceTree = "<group>"; };
		E077311F1EBC3F39008BC946 /* Podfile */ = {isa = PBXFileReference; fileEncoding = 4; lastKnownFileType = text; path = Podfile; sourceTree = "<group>"; };
		E09BCAA31EBB9C4C00DA7226 /* Moments.app */ = {isa = PBXFileReference; explicitFileType = wrapper.application; includeInIndex = 0; path = Moments.app; sourceTree = BUILT_PRODUCTS_DIR; };
		E09BCAA61EBB9C4C00DA7226 /* AppDelegate.swift */ = {isa = PBXFileReference; lastKnownFileType = sourcecode.swift; path = AppDelegate.swift; sourceTree = "<group>"; };
		E09BCAAB1EBB9C4C00DA7226 /* Base */ = {isa = PBXFileReference; lastKnownFileType = file.storyboard; name = Base; path = Base.lproj/Main.storyboard; sourceTree = "<group>"; };
		E09BCAAD1EBB9C4C00DA7226 /* Assets.xcassets */ = {isa = PBXFileReference; lastKnownFileType = folder.assetcatalog; path = Assets.xcassets; sourceTree = "<group>"; };
		E09BCAB01EBB9C4C00DA7226 /* Base */ = {isa = PBXFileReference; lastKnownFileType = file.storyboard; name = Base; path = Base.lproj/LaunchScreen.storyboard; sourceTree = "<group>"; };
		E09BCAB21EBB9C4C00DA7226 /* Info.plist */ = {isa = PBXFileReference; lastKnownFileType = text.plist.xml; path = Info.plist; sourceTree = "<group>"; };
		E0A5829D1EBCE219003AA00B /* LoginViewController.swift */ = {isa = PBXFileReference; fileEncoding = 4; lastKnownFileType = sourcecode.swift; path = LoginViewController.swift; sourceTree = "<group>"; };
		E0A582A01EBCE721003AA00B /* ProfileViewController.swift */ = {isa = PBXFileReference; fileEncoding = 4; lastKnownFileType = sourcecode.swift; path = ProfileViewController.swift; sourceTree = "<group>"; };
		E0A582A21EBCF2EE003AA00B /* Media.swift */ = {isa = PBXFileReference; fileEncoding = 4; lastKnownFileType = sourcecode.swift; path = Media.swift; sourceTree = "<group>"; };
		E0A582A51EBCFC12003AA00B /* DummyPostComposerViewController.swift */ = {isa = PBXFileReference; fileEncoding = 4; lastKnownFileType = sourcecode.swift; path = DummyPostComposerViewController.swift; sourceTree = "<group>"; };
		E0A582A91EBCFC82003AA00B /* PostComposerViewController.swift */ = {isa = PBXFileReference; fileEncoding = 4; lastKnownFileType = sourcecode.swift; path = PostComposerViewController.swift; sourceTree = "<group>"; };
		E0D3B5AE1EBC414600D3E2EA /* GoogleService-Info.plist */ = {isa = PBXFileReference; fileEncoding = 4; lastKnownFileType = text.plist.xml; path = "GoogleService-Info.plist"; sourceTree = "<group>"; };
		F9D2D2702DCEB29B23EB655B /* Pods-Moments.release.xcconfig */ = {isa = PBXFileReference; includeInIndex = 1; lastKnownFileType = text.xcconfig; name = "Pods-Moments.release.xcconfig"; path = "Pods/Target Support Files/Pods-Moments/Pods-Moments.release.xcconfig"; sourceTree = "<group>"; };
/* End PBXFileReference section */

/* Begin PBXFrameworksBuildPhase section */
		E09BCAA01EBB9C4C00DA7226 /* Frameworks */ = {
			isa = PBXFrameworksBuildPhase;
			buildActionMask = 2147483647;
			files = (
				57C3562A86690E14C4FAD7FB /* Pods_Moments.framework in Frameworks */,
			);
			runOnlyForDeploymentPostprocessing = 0;
		};
/* End PBXFrameworksBuildPhase section */

/* Begin PBXGroup section */
		29D772F80628C98E6BB95EFB /* Frameworks */ = {
			isa = PBXGroup;
			children = (
				D43478AB0070C01E5B068AA7 /* Pods_Moments.framework */,
			);
			name = Frameworks;
			sourceTree = "<group>";
		};
		AB02515C1CE2CEFEFAEDB203 /* Pods */ = {
			isa = PBXGroup;
			children = (
				19B3434E39E9BBD59C1EE660 /* Pods-Moments.debug.xcconfig */,
				F9D2D2702DCEB29B23EB655B /* Pods-Moments.release.xcconfig */,
			);
			name = Pods;
			sourceTree = "<group>";
		};
		E02975EC1EC4D57D00AF3334 /* Views */ = {
			isa = PBXGroup;
			children = (
				E0276FE41EBD1BB000D31767 /* MediaHeaderCell.swift */,
				E0276FE61EBD20AC00D31767 /* MediaTableViewCell.swift */,
				E0276FE81EBD260D00D31767 /* CommentTableViewCell.swift */,
				E03640AB1ECE345300552DDA /* RoundedImageView.swift */,
			);
			name = Views;
			sourceTree = "<group>";
		};
		E02975ED1EC4D61E00AF3334 /* Controllers */ = {
			isa = PBXGroup;
			children = (
				E041DCC31EBC65BA006F45AA /* NewsFeedTableViewController.swift */,
				E02975EE1EC4D66C00AF3334 /* MediaDetailTableViewController.swift */,
				E02975F01EC4E67D00AF3334 /* CommentComposerViewController.swift */,
			);
			name = Controllers;
			sourceTree = "<group>";
		};
		E03640A91ECE2CEB00552DDA /* Controllers */ = {
			isa = PBXGroup;
			children = (
				E03640A31ECE100E00552DDA /* ContactsPickerTableViewController.swift */,
				E03640A51ECE203700552DDA /* ChatViewController.swift */,
				E03640A71ECE2A6100552DDA /* InboxTableViewController.swift */,
			);
			name = Controllers;
			sourceTree = "<group>";
		};
		E03640AA1ECE2CF200552DDA /* Views */ = {
			isa = PBXGroup;
			children = (
				E076235F1ECB80280023EE54 /* ChatTableViewCell.swift */,
				E07623611ECB9A090023EE54 /* ContactTableViewCell.swift */,
			);
			name = Views;
			sourceTree = "<group>";
		};
		E041DCBE1EBC5390006F45AA /* Model */ = {
			isa = PBXGroup;
			children = (
				E076235D1ECB78780023EE54 /* Message.swift */,
				E076235B1ECB66800023EE54 /* Chat.swift */,
				E041DCBC1EBC4F5E006F45AA /* FirebaseReference.swift */,
				E041DCBF1EBC539C006F45AA /* User.swift */,
				E041DCC11EBC58B2006F45AA /* FIRimage.swift */,
				E0A582A21EBCF2EE003AA00B /* Media.swift */,
				E0276FEA1EBD38D800D31767 /* Comment.swift */,
			);
			name = Model;
			sourceTree = "<group>";
		};
		E076235A1ECB66670023EE54 /* Messenger */ = {
			isa = PBXGroup;
			children = (
				E03640A91ECE2CEB00552DDA /* Controllers */,
				E03640AA1ECE2CF200552DDA /* Views */,
			);
			name = Messenger;
			sourceTree = "<group>";
		};
		E09BCA9A1EBB9C4C00DA7226 = {
			isa = PBXGroup;
			children = (
				E077311F1EBC3F39008BC946 /* Podfile */,
				E09BCAA51EBB9C4C00DA7226 /* Moments */,
				E09BCAA41EBB9C4C00DA7226 /* Products */,
				AB02515C1CE2CEFEFAEDB203 /* Pods */,
				29D772F80628C98E6BB95EFB /* Frameworks */,
			);
			sourceTree = "<group>";
		};
		E09BCAA41EBB9C4C00DA7226 /* Products */ = {
			isa = PBXGroup;
			children = (
				E09BCAA31EBB9C4C00DA7226 /* Moments.app */,
			);
			name = Products;
			sourceTree = "<group>";
		};
		E09BCAA51EBB9C4C00DA7226 /* Moments */ = {
			isa = PBXGroup;
			children = (
				E041DCCB1EBC7B3D006F45AA /* Moments.entitlements */,
				E09BCAA61EBB9C4C00DA7226 /* AppDelegate.swift */,
				E041DCBE1EBC5390006F45AA /* Model */,
				E09BCAAA1EBB9C4C00DA7226 /* Main.storyboard */,
				E0A5829A1EBCE19E003AA00B /* User Authentication */,
				E0A5829B1EBCE1B7003AA00B /* Newsfeed */,
				E0A582A41EBCFBD1003AA00B /* Post Composer Tab */,
				E0A5829F1EBCE6FB003AA00B /* Profile Tab */,
				E076235A1ECB66670023EE54 /* Messenger */,
				E0A5829C1EBCE1CC003AA00B /* Helper Classes */,
				E09BCAAD1EBB9C4C00DA7226 /* Assets.xcassets */,
				E09BCAAF1EBB9C4C00DA7226 /* LaunchScreen.storyboard */,
				E09BCAB21EBB9C4C00DA7226 /* Info.plist */,
				E0D3B5AE1EBC414600D3E2EA /* GoogleService-Info.plist */,
			);
			path = Moments;
			sourceTree = "<group>";
		};
		E0A5829A1EBCE19E003AA00B /* User Authentication */ = {
			isa = PBXGroup;
			children = (
				E041DCC51EBC6600006F45AA /* SignupTableViewController.swift */,
				E041DCC71EBC663E006F45AA /* WelcomeViewController.swift */,
				E0A5829D1EBCE219003AA00B /* LoginViewController.swift */,
			);
			name = "User Authentication";
			sourceTree = "<group>";
		};
		E0A5829B1EBCE1B7003AA00B /* Newsfeed */ = {
			isa = PBXGroup;
			children = (
				E02975ED1EC4D61E00AF3334 /* Controllers */,
				E02975EC1EC4D57D00AF3334 /* Views */,
			);
			name = Newsfeed;
			sourceTree = "<group>";
		};
		E0A5829C1EBCE1CC003AA00B /* Helper Classes */ = {
			isa = PBXGroup;
			children = (
				E041DCC91EBC6B4A006F45AA /* imagePickerHelper.swift */,
			);
			name = "Helper Classes";
			sourceTree = "<group>";
		};
		E0A5829F1EBCE6FB003AA00B /* Profile Tab */ = {
			isa = PBXGroup;
			children = (
				E0A582A01EBCE721003AA00B /* ProfileViewController.swift */,
			);
			name = "Profile Tab";
			sourceTree = "<group>";
		};
		E0A582A41EBCFBD1003AA00B /* Post Composer Tab */ = {
			isa = PBXGroup;
			children = (
				E0A582A51EBCFC12003AA00B /* DummyPostComposerViewController.swift */,
				E0A582A91EBCFC82003AA00B /* PostComposerViewController.swift */,
			);
			name = "Post Composer Tab";
			sourceTree = "<group>";
		};
/* End PBXGroup section */

/* Begin PBXNativeTarget section */
		E09BCAA21EBB9C4C00DA7226 /* Moments */ = {
			isa = PBXNativeTarget;
			buildConfigurationList = E09BCAB51EBB9C4C00DA7226 /* Build configuration list for PBXNativeTarget "Moments" */;
			buildPhases = (
				ECE87CAD44509B20C5A60DC2 /* 📦 Check Pods Manifest.lock */,
				E09BCA9F1EBB9C4C00DA7226 /* Sources */,
				E09BCAA01EBB9C4C00DA7226 /* Frameworks */,
				E09BCAA11EBB9C4C00DA7226 /* Resources */,
				05D875C487968D06B9262407 /* 📦 Embed Pods Frameworks */,
				2D7E1D71C923C2E72B27EC16 /* 📦 Copy Pods Resources */,
			);
			buildRules = (
			);
			dependencies = (
			);
			name = Moments;
			productName = Moments;
			productReference = E09BCAA31EBB9C4C00DA7226 /* Moments.app */;
			productType = "com.apple.product-type.application";
		};
/* End PBXNativeTarget section */

/* Begin PBXProject section */
		E09BCA9B1EBB9C4C00DA7226 /* Project object */ = {
			isa = PBXProject;
			attributes = {
				LastSwiftUpdateCheck = 0800;
				LastUpgradeCheck = 0800;
				ORGANIZATIONNAME = "Dara Nhep";
				TargetAttributes = {
					E09BCAA21EBB9C4C00DA7226 = {
						CreatedOnToolsVersion = 8.0;
						DevelopmentTeam = 825KNZSNMQ;
						ProvisioningStyle = Automatic;
						SystemCapabilities = {
							com.apple.Keychain = {
								enabled = 1;
							};
						};
					};
				};
			};
			buildConfigurationList = E09BCA9E1EBB9C4C00DA7226 /* Build configuration list for PBXProject "Moments" */;
			compatibilityVersion = "Xcode 3.2";
			developmentRegion = English;
			hasScannedForEncodings = 0;
			knownRegions = (
				en,
				Base,
			);
			mainGroup = E09BCA9A1EBB9C4C00DA7226;
			productRefGroup = E09BCAA41EBB9C4C00DA7226 /* Products */;
			projectDirPath = "";
			projectRoot = "";
			targets = (
				E09BCAA21EBB9C4C00DA7226 /* Moments */,
			);
		};
/* End PBXProject section */

/* Begin PBXResourcesBuildPhase section */
		E09BCAA11EBB9C4C00DA7226 /* Resources */ = {
			isa = PBXResourcesBuildPhase;
			buildActionMask = 2147483647;
			files = (
				E09BCAB11EBB9C4C00DA7226 /* LaunchScreen.storyboard in Resources */,
				E09BCAAE1EBB9C4C00DA7226 /* Assets.xcassets in Resources */,
				E0D3B5AF1EBC414600D3E2EA /* GoogleService-Info.plist in Resources */,
				E07731201EBC3F39008BC946 /* Podfile in Resources */,
				E09BCAAC1EBB9C4C00DA7226 /* Main.storyboard in Resources */,
			);
			runOnlyForDeploymentPostprocessing = 0;
		};
/* End PBXResourcesBuildPhase section */

/* Begin PBXShellScriptBuildPhase section */
		05D875C487968D06B9262407 /* 📦 Embed Pods Frameworks */ = {
			isa = PBXShellScriptBuildPhase;
			buildActionMask = 2147483647;
			files = (
			);
			inputPaths = (
			);
			name = "📦 Embed Pods Frameworks";
			outputPaths = (
			);
			runOnlyForDeploymentPostprocessing = 0;
			shellPath = /bin/sh;
			shellScript = "\"${SRCROOT}/Pods/Target Support Files/Pods-Moments/Pods-Moments-frameworks.sh\"\n";
			showEnvVarsInLog = 0;
		};
		2D7E1D71C923C2E72B27EC16 /* 📦 Copy Pods Resources */ = {
			isa = PBXShellScriptBuildPhase;
			buildActionMask = 2147483647;
			files = (
			);
			inputPaths = (
			);
			name = "📦 Copy Pods Resources";
			outputPaths = (
			);
			runOnlyForDeploymentPostprocessing = 0;
			shellPath = /bin/sh;
			shellScript = "\"${SRCROOT}/Pods/Target Support Files/Pods-Moments/Pods-Moments-resources.sh\"\n";
			showEnvVarsInLog = 0;
		};
		ECE87CAD44509B20C5A60DC2 /* 📦 Check Pods Manifest.lock */ = {
			isa = PBXShellScriptBuildPhase;
			buildActionMask = 2147483647;
			files = (
			);
			inputPaths = (
			);
			name = "📦 Check Pods Manifest.lock";
			outputPaths = (
			);
			runOnlyForDeploymentPostprocessing = 0;
			shellPath = /bin/sh;
			shellScript = "diff \"${PODS_ROOT}/../Podfile.lock\" \"${PODS_ROOT}/Manifest.lock\" > /dev/null\nif [[ $? != 0 ]] ; then\n    cat << EOM\nerror: The sandbox is not in sync with the Podfile.lock. Run 'pod install' or update your CocoaPods installation.\nEOM\n    exit 1\nfi\n";
			showEnvVarsInLog = 0;
		};
/* End PBXShellScriptBuildPhase section */

/* Begin PBXSourcesBuildPhase section */
		E09BCA9F1EBB9C4C00DA7226 /* Sources */ = {
			isa = PBXSourcesBuildPhase;
			buildActionMask = 2147483647;
			files = (
				E0A582A31EBCF2EE003AA00B /* Media.swift in Sources */,
				E0A582A61EBCFC12003AA00B /* DummyPostComposerViewController.swift in Sources */,
				E0A5829E1EBCE219003AA00B /* LoginViewController.swift in Sources */,
				E041DCBD1EBC4F5E006F45AA /* FirebaseReference.swift in Sources */,
				E0276FE71EBD20AC00D31767 /* MediaTableViewCell.swift in Sources */,
				E07623601ECB80280023EE54 /* ChatTableViewCell.swift in Sources */,
				E03640A41ECE100E00552DDA /* ContactsPickerTableViewController.swift in Sources */,
				E0276FEB1EBD38D800D31767 /* Comment.swift in Sources */,
				E03640A81ECE2A6100552DDA /* InboxTableViewController.swift in Sources */,
				E076235E1ECB78780023EE54 /* Message.swift in Sources */,
				E0A582AA1EBCFC82003AA00B /* PostComposerViewController.swift in Sources */,
				E0276FE51EBD1BB000D31767 /* MediaHeaderCell.swift in Sources */,
				E0A582A11EBCE721003AA00B /* ProfileViewController.swift in Sources */,
				E041DCC61EBC6600006F45AA /* SignupTableViewController.swift in Sources */,
				E041DCC21EBC58B2006F45AA /* FIRimage.swift in Sources */,
				E041DCCA1EBC6B4A006F45AA /* imagePickerHelper.swift in Sources */,
				E0276FE91EBD260D00D31767 /* CommentTableViewCell.swift in Sources */,
				E07623621ECB9A090023EE54 /* ContactTableViewCell.swift in Sources */,
				E076235C1ECB66800023EE54 /* Chat.swift in Sources */,
				E03640A61ECE203700552DDA /* ChatViewController.swift in Sources */,
				E09BCAA71EBB9C4C00DA7226 /* AppDelegate.swift in Sources */,
				E041DCC41EBC65BA006F45AA /* NewsFeedTableViewController.swift in Sources */,
				E02975EF1EC4D66C00AF3334 /* MediaDetailTableViewController.swift in Sources */,
				E041DCC01EBC539C006F45AA /* User.swift in Sources */,
				E041DCC81EBC663E006F45AA /* WelcomeViewController.swift in Sources */,
				E02975F11EC4E67D00AF3334 /* CommentComposerViewController.swift in Sources */,
				E03640AC1ECE345300552DDA /* RoundedImageView.swift in Sources */,
			);
			runOnlyForDeploymentPostprocessing = 0;
		};
/* End PBXSourcesBuildPhase section */

/* Begin PBXVariantGroup section */
		E09BCAAA1EBB9C4C00DA7226 /* Main.storyboard */ = {
			isa = PBXVariantGroup;
			children = (
				E09BCAAB1EBB9C4C00DA7226 /* Base */,
			);
			name = Main.storyboard;
			sourceTree = "<group>";
		};
		E09BCAAF1EBB9C4C00DA7226 /* LaunchScreen.storyboard */ = {
			isa = PBXVariantGroup;
			children = (
				E09BCAB01EBB9C4C00DA7226 /* Base */,
			);
			name = LaunchScreen.storyboard;
			sourceTree = "<group>";
		};
/* End PBXVariantGroup section */

/* Begin XCBuildConfiguration section */
		E09BCAB31EBB9C4C00DA7226 /* Debug */ = {
			isa = XCBuildConfiguration;
			buildSettings = {
				ALWAYS_SEARCH_USER_PATHS = NO;
				CLANG_ANALYZER_NONNULL = YES;
				CLANG_CXX_LANGUAGE_STANDARD = "gnu++0x";
				CLANG_CXX_LIBRARY = "libc++";
				CLANG_ENABLE_MODULES = YES;
				CLANG_ENABLE_OBJC_ARC = YES;
				CLANG_WARN_BOOL_CONVERSION = YES;
				CLANG_WARN_CONSTANT_CONVERSION = YES;
				CLANG_WARN_DIRECT_OBJC_ISA_USAGE = YES_ERROR;
				CLANG_WARN_DOCUMENTATION_COMMENTS = YES;
				CLANG_WARN_EMPTY_BODY = YES;
				CLANG_WARN_ENUM_CONVERSION = YES;
				CLANG_WARN_INFINITE_RECURSION = YES;
				CLANG_WARN_INT_CONVERSION = YES;
				CLANG_WARN_OBJC_ROOT_CLASS = YES_ERROR;
				CLANG_WARN_SUSPICIOUS_MOVE = YES;
				CLANG_WARN_SUSPICIOUS_MOVES = YES;
				CLANG_WARN_UNREACHABLE_CODE = YES;
				CLANG_WARN__DUPLICATE_METHOD_MATCH = YES;
				"CODE_SIGN_IDENTITY[sdk=iphoneos*]" = "iPhone Developer";
				COPY_PHASE_STRIP = NO;
				DEBUG_INFORMATION_FORMAT = dwarf;
				ENABLE_STRICT_OBJC_MSGSEND = YES;
				ENABLE_TESTABILITY = YES;
				GCC_C_LANGUAGE_STANDARD = gnu99;
				GCC_DYNAMIC_NO_PIC = NO;
				GCC_NO_COMMON_BLOCKS = YES;
				GCC_OPTIMIZATION_LEVEL = 0;
				GCC_PREPROCESSOR_DEFINITIONS = (
					"DEBUG=1",
					"$(inherited)",
				);
				GCC_WARN_64_TO_32_BIT_CONVERSION = YES;
				GCC_WARN_ABOUT_RETURN_TYPE = YES_ERROR;
				GCC_WARN_UNDECLARED_SELECTOR = YES;
				GCC_WARN_UNINITIALIZED_AUTOS = YES_AGGRESSIVE;
				GCC_WARN_UNUSED_FUNCTION = YES;
				GCC_WARN_UNUSED_VARIABLE = YES;
				IPHONEOS_DEPLOYMENT_TARGET = 10.0;
				MTL_ENABLE_DEBUG_INFO = YES;
				ONLY_ACTIVE_ARCH = YES;
				SDKROOT = iphoneos;
				SWIFT_ACTIVE_COMPILATION_CONDITIONS = DEBUG;
				SWIFT_OPTIMIZATION_LEVEL = "-Onone";
				TARGETED_DEVICE_FAMILY = "1,2";
			};
			name = Debug;
		};
		E09BCAB41EBB9C4C00DA7226 /* Release */ = {
			isa = XCBuildConfiguration;
			buildSettings = {
				ALWAYS_SEARCH_USER_PATHS = NO;
				CLANG_ANALYZER_NONNULL = YES;
				CLANG_CXX_LANGUAGE_STANDARD = "gnu++0x";
				CLANG_CXX_LIBRARY = "libc++";
				CLANG_ENABLE_MODULES = YES;
				CLANG_ENABLE_OBJC_ARC = YES;
				CLANG_WARN_BOOL_CONVERSION = YES;
				CLANG_WARN_CONSTANT_CONVERSION = YES;
				CLANG_WARN_DIRECT_OBJC_ISA_USAGE = YES_ERROR;
				CLANG_WARN_DOCUMENTATION_COMMENTS = YES;
				CLANG_WARN_EMPTY_BODY = YES;
				CLANG_WARN_ENUM_CONVERSION = YES;
				CLANG_WARN_INFINITE_RECURSION = YES;
				CLANG_WARN_INT_CONVERSION = YES;
				CLANG_WARN_OBJC_ROOT_CLASS = YES_ERROR;
				CLANG_WARN_SUSPICIOUS_MOVE = YES;
				CLANG_WARN_SUSPICIOUS_MOVES = YES;
				CLANG_WARN_UNREACHABLE_CODE = YES;
				CLANG_WARN__DUPLICATE_METHOD_MATCH = YES;
				"CODE_SIGN_IDENTITY[sdk=iphoneos*]" = "iPhone Developer";
				COPY_PHASE_STRIP = NO;
				DEBUG_INFORMATION_FORMAT = "dwarf-with-dsym";
				ENABLE_NS_ASSERTIONS = NO;
				ENABLE_STRICT_OBJC_MSGSEND = YES;
				GCC_C_LANGUAGE_STANDARD = gnu99;
				GCC_NO_COMMON_BLOCKS = YES;
				GCC_WARN_64_TO_32_BIT_CONVERSION = YES;
				GCC_WARN_ABOUT_RETURN_TYPE = YES_ERROR;
				GCC_WARN_UNDECLARED_SELECTOR = YES;
				GCC_WARN_UNINITIALIZED_AUTOS = YES_AGGRESSIVE;
				GCC_WARN_UNUSED_FUNCTION = YES;
				GCC_WARN_UNUSED_VARIABLE = YES;
				IPHONEOS_DEPLOYMENT_TARGET = 10.0;
				MTL_ENABLE_DEBUG_INFO = NO;
				SDKROOT = iphoneos;
				SWIFT_OPTIMIZATION_LEVEL = "-Owholemodule";
				TARGETED_DEVICE_FAMILY = "1,2";
				VALIDATE_PRODUCT = YES;
			};
			name = Release;
		};
		E09BCAB61EBB9C4C00DA7226 /* Debug */ = {
			isa = XCBuildConfiguration;
			baseConfigurationReference = 19B3434E39E9BBD59C1EE660 /* Pods-Moments.debug.xcconfig */;
			buildSettings = {
				ASSETCATALOG_COMPILER_APPICON_NAME = AppIcon;
				CODE_SIGN_ENTITLEMENTS = Moments/Moments.entitlements;
				DEVELOPMENT_TEAM = 825KNZSNMQ;
				INFOPLIST_FILE = Moments/Info.plist;
				LD_RUNPATH_SEARCH_PATHS = "$(inherited) @executable_path/Frameworks";
				PRODUCT_BUNDLE_IDENTIFIER = nhepworks.Moments;
				PRODUCT_NAME = "$(TARGET_NAME)";
				SWIFT_VERSION = 3.0;
			};
			name = Debug;
		};
		E09BCAB71EBB9C4C00DA7226 /* Release */ = {
			isa = XCBuildConfiguration;
			baseConfigurationReference = F9D2D2702DCEB29B23EB655B /* Pods-Moments.release.xcconfig */;
			buildSettings = {
				ASSETCATALOG_COMPILER_APPICON_NAME = AppIcon;
				CODE_SIGN_ENTITLEMENTS = Moments/Moments.entitlements;
				DEVELOPMENT_TEAM = 825KNZSNMQ;
				INFOPLIST_FILE = Moments/Info.plist;
				LD_RUNPATH_SEARCH_PATHS = "$(inherited) @executable_path/Frameworks";
				PRODUCT_BUNDLE_IDENTIFIER = nhepworks.Moments;
				PRODUCT_NAME = "$(TARGET_NAME)";
				SWIFT_VERSION = 3.0;
			};
			name = Release;
		};
/* End XCBuildConfiguration section */

/* Begin XCConfigurationList section */
		E09BCA9E1EBB9C4C00DA7226 /* Build configuration list for PBXProject "Moments" */ = {
			isa = XCConfigurationList;
			buildConfigurations = (
				E09BCAB31EBB9C4C00DA7226 /* Debug */,
				E09BCAB41EBB9C4C00DA7226 /* Release */,
			);
			defaultConfigurationIsVisible = 0;
			defaultConfigurationName = Release;
		};
		E09BCAB51EBB9C4C00DA7226 /* Build configuration list for PBXNativeTarget "Moments" */ = {
			isa = XCConfigurationList;
			buildConfigurations = (
				E09BCAB61EBB9C4C00DA7226 /* Debug */,
				E09BCAB71EBB9C4C00DA7226 /* Release */,
			);
			defaultConfigurationIsVisible = 0;
			defaultConfigurationName = Release;
		};
/* End XCConfigurationList section */
	};
	rootObject = E09BCA9B1EBB9C4C00DA7226 /* Project object */;
}
